
Microsoft Visual Studio Solution File, Format Version 12.00
# Visual Studio Version 16
VisualStudioVersion = 16.0.30611.23
MinimumVisualStudioVersion = 10.0.40219.1
Project("{9A19103F-16F7-4668-BE54-9A1E7A4F7556}") = "ChessClock.Model", "ChessClock.Model\ChessClock.Model.csproj", "{92239007-063C-4CA1-BCDA-619EE1B16284}"
EndProject
Project("{9A19103F-16F7-4668-BE54-9A1E7A4F7556}") = "ChessClock.SyncEngine", "ChessClock.SyncEngine\ChessClock.SyncEngine.csproj", "{1F9FEB1D-0EBA-42A4-80A8-D3A4AD64B257}"
EndProject
Project("{9A19103F-16F7-4668-BE54-9A1E7A4F7556}") = "ChessClock.SyncEngine.Azure", "ChessClock.SyncEngine.Azure\ChessClock.SyncEngine.Azure.csproj", "{4C10E128-6EFF-4549-8D6F-7BA08EF1C4C8}"
EndProject
Project("{FAE04EC0-301F-11D3-BF4B-00C04F79EFBC}") = "ChessClock.UI", "ChessClock.UI\ChessClock.UI.csproj", "{F82A547E-D502-4B19-AD84-26F29CFAE1FA}"
EndProject
Global
	GlobalSection(SolutionConfigurationPlatforms) = preSolution
		Debug|Any CPU = Debug|Any CPU
		Debug|ARM = Debug|ARM
		Debug|ARM64 = Debug|ARM64
		Debug|x64 = Debug|x64
		Debug|x86 = Debug|x86
		Release|Any CPU = Release|Any CPU
		Release|ARM = Release|ARM
		Release|ARM64 = Release|ARM64
		Release|x64 = Release|x64
		Release|x86 = Release|x86
	EndGlobalSection
	GlobalSection(ProjectConfigurationPlatforms) = postSolution
		{92239007-063C-4CA1-BCDA-619EE1B16284}.Debug|Any CPU.ActiveCfg = Debug|Any CPU
		{92239007-063C-4CA1-BCDA-619EE1B16284}.Debug|Any CPU.Build.0 = Debug|Any CPU
		{92239007-063C-4CA1-BCDA-619EE1B16284}.Debug|ARM.ActiveCfg = Debug|Any CPU
		{92239007-063C-4CA1-BCDA-619EE1B16284}.Debug|ARM.Build.0 = Debug|Any CPU
		{92239007-063C-4CA1-BCDA-619EE1B16284}.Debug|ARM64.ActiveCfg = Debug|Any CPU
		{92239007-063C-4CA1-BCDA-619EE1B16284}.Debug|ARM64.Build.0 = Debug|Any CPU
		{92239007-063C-4CA1-BCDA-619EE1B16284}.Debug|x64.ActiveCfg = Debug|Any CPU
		{92239007-063C-4CA1-BCDA-619EE1B16284}.Debug|x64.Build.0 = Debug|Any CPU
		{92239007-063C-4CA1-BCDA-619EE1B16284}.Debug|x86.ActiveCfg = Debug|Any CPU
		{92239007-063C-4CA1-BCDA-619EE1B16284}.Debug|x86.Build.0 = Debug|Any CPU
		{92239007-063C-4CA1-BCDA-619EE1B16284}.Release|Any CPU.ActiveCfg = Release|Any CPU
		{92239007-063C-4CA1-BCDA-619EE1B16284}.Release|Any CPU.Build.0 = Release|Any CPU
		{92239007-063C-4CA1-BCDA-619EE1B16284}.Release|ARM.ActiveCfg = Release|Any CPU
		{92239007-063C-4CA1-BCDA-619EE1B16284}.Release|ARM.Build.0 = Release|Any CPU
		{92239007-063C-4CA1-BCDA-619EE1B16284}.Release|ARM64.ActiveCfg = Release|Any CPU
		{92239007-063C-4CA1-BCDA-619EE1B16284}.Release|ARM64.Build.0 = Release|Any CPU
		{92239007-063C-4CA1-BCDA-619EE1B16284}.Release|x64.ActiveCfg = Release|Any CPU
		{92239007-063C-4CA1-BCDA-619EE1B16284}.Release|x64.Build.0 = Release|Any CPU
		{92239007-063C-4CA1-BCDA-619EE1B16284}.Release|x86.ActiveCfg = Release|Any CPU
		{92239007-063C-4CA1-BCDA-619EE1B16284}.Release|x86.Build.0 = Release|Any CPU
		{1F9FEB1D-0EBA-42A4-80A8-D3A4AD64B257}.Debug|Any CPU.ActiveCfg = Debug|Any CPU
		{1F9FEB1D-0EBA-42A4-80A8-D3A4AD64B257}.Debug|Any CPU.Build.0 = Debug|Any CPU
		{1F9FEB1D-0EBA-42A4-80A8-D3A4AD64B257}.Debug|ARM.ActiveCfg = Debug|Any CPU
		{1F9FEB1D-0EBA-42A4-80A8-D3A4AD64B257}.Debug|ARM.Build.0 = Debug|Any CPU
		{1F9FEB1D-0EBA-42A4-80A8-D3A4AD64B257}.Debug|ARM64.ActiveCfg = Debug|Any CPU
		{1F9FEB1D-0EBA-42A4-80A8-D3A4AD64B257}.Debug|ARM64.Build.0 = Debug|Any CPU
		{1F9FEB1D-0EBA-42A4-80A8-D3A4AD64B257}.Debug|x64.ActiveCfg = Debug|Any CPU
		{1F9FEB1D-0EBA-42A4-80A8-D3A4AD64B257}.Debug|x64.Build.0 = Debug|Any CPU
		{1F9FEB1D-0EBA-42A4-80A8-D3A4AD64B257}.Debug|x86.ActiveCfg = Debug|Any CPU
		{1F9FEB1D-0EBA-42A4-80A8-D3A4AD64B257}.Debug|x86.Build.0 = Debug|Any CPU
		{1F9FEB1D-0EBA-42A4-80A8-D3A4AD64B257}.Release|Any CPU.ActiveCfg = Release|Any CPU
		{1F9FEB1D-0EBA-42A4-80A8-D3A4AD64B257}.Release|Any CPU.Build.0 = Release|Any CPU
		{1F9FEB1D-0EBA-42A4-80A8-D3A4AD64B257}.Release|ARM.ActiveCfg = Release|Any CPU
		{1F9FEB1D-0EBA-42A4-80A8-D3A4AD64B257}.Release|ARM.Build.0 = Release|Any CPU
		{1F9FEB1D-0EBA-42A4-80A8-D3A4AD64B257}.Release|ARM64.ActiveCfg = Release|Any CPU
		{1F9FEB1D-0EBA-42A4-80A8-D3A4AD64B257}.Release|ARM64.Build.0 = Release|Any CPU
		{1F9FEB1D-0EBA-42A4-80A8-D3A4AD64B257}.Release|x64.ActiveCfg = Release|Any CPU
		{1F9FEB1D-0EBA-42A4-80A8-D3A4AD64B257}.Release|x64.Build.0 = Release|Any CPU
		{1F9FEB1D-0EBA-42A4-80A8-D3A4AD64B257}.Release|x86.ActiveCfg = Release|Any CPU
		{1F9FEB1D-0EBA-42A4-80A8-D3A4AD64B257}.Release|x86.Build.0 = Release|Any CPU
		{4C10E128-6EFF-4549-8D6F-7BA08EF1C4C8}.Debug|Any CPU.ActiveCfg = Debug|Any CPU
		{4C10E128-6EFF-4549-8D6F-7BA08EF1C4C8}.Debug|Any CPU.Build.0 = Debug|Any CPU
		{4C10E128-6EFF-4549-8D6F-7BA08EF1C4C8}.Debug|ARM.ActiveCfg = Debug|Any CPU
		{4C10E128-6EFF-4549-8D6F-7BA08EF1C4C8}.Debug|ARM.Build.0 = Debug|Any CPU
		{4C10E128-6EFF-4549-8D6F-7BA08EF1C4C8}.Debug|ARM64.ActiveCfg = Debug|Any CPU
		{4C10E128-6EFF-4549-8D6F-7BA08EF1C4C8}.Debug|ARM64.Build.0 = Debug|Any CPU
		{4C10E128-6EFF-4549-8D6F-7BA08EF1C4C8}.Debug|x64.ActiveCfg = Debug|Any CPU
		{4C10E128-6EFF-4549-8D6F-7BA08EF1C4C8}.Debug|x64.Build.0 = Debug|Any CPU
		{4C10E128-6EFF-4549-8D6F-7BA08EF1C4C8}.Debug|x86.ActiveCfg = Debug|Any CPU
		{4C10E128-6EFF-4549-8D6F-7BA08EF1C4C8}.Debug|x86.Build.0 = Debug|Any CPU
		{4C10E128-6EFF-4549-8D6F-7BA08EF1C4C8}.Release|Any CPU.ActiveCfg = Release|Any CPU
		{4C10E128-6EFF-4549-8D6F-7BA08EF1C4C8}.Release|Any CPU.Build.0 = Release|Any CPU
		{4C10E128-6EFF-4549-8D6F-7BA08EF1C4C8}.Release|ARM.ActiveCfg = Release|Any CPU
		{4C10E128-6EFF-4549-8D6F-7BA08EF1C4C8}.Release|ARM.Build.0 = Release|Any CPU
		{4C10E128-6EFF-4549-8D6F-7BA08EF1C4C8}.Release|ARM64.ActiveCfg = Release|Any CPU
		{4C10E128-6EFF-4549-8D6F-7BA08EF1C4C8}.Release|ARM64.Build.0 = Release|Any CPU
		{4C10E128-6EFF-4549-8D6F-7BA08EF1C4C8}.Release|x64.ActiveCfg = Release|Any CPU
		{4C10E128-6EFF-4549-8D6F-7BA08EF1C4C8}.Release|x64.Build.0 = Release|Any CPU
		{4C10E128-6EFF-4549-8D6F-7BA08EF1C4C8}.Release|x86.ActiveCfg = Release|Any CPU
		{4C10E128-6EFF-4549-8D6F-7BA08EF1C4C8}.Release|x86.Build.0 = Release|Any CPU
		{F82A547E-D502-4B19-AD84-26F29CFAE1FA}.Debug|Any CPU.ActiveCfg = Debug|Any CPU
		{F82A547E-D502-4B19-AD84-26F29CFAE1FA}.Debug|Any CPU.Build.0 = Debug|Any CPU
		{F82A547E-D502-4B19-AD84-26F29CFAE1FA}.Debug|ARM.ActiveCfg = Debug|Any CPU
		{F82A547E-D502-4B19-AD84-26F29CFAE1FA}.Debug|ARM.Build.0 = Debug|Any CPU
		{F82A547E-D502-4B19-AD84-26F29CFAE1FA}.Debug|ARM64.ActiveCfg = Debug|Any CPU
		{F82A547E-D502-4B19-AD84-26F29CFAE1FA}.Debug|ARM64.Build.0 = Debug|Any CPU
		{F82A547E-D502-4B19-AD84-26F29CFAE1FA}.Debug|x64.ActiveCfg = Debug|Any CPU
		{F82A547E-D502-4B19-AD84-26F29CFAE1FA}.Debug|x64.Build.0 = Debug|Any CPU
		{F82A547E-D502-4B19-AD84-26F29CFAE1FA}.Debug|x86.ActiveCfg = Debug|Any CPU
		{F82A547E-D502-4B19-AD84-26F29CFAE1FA}.Debug|x86.Build.0 = Debug|Any CPU
		{F82A547E-D502-4B19-AD84-26F29CFAE1FA}.Release|Any CPU.ActiveCfg = Release|Any CPU
		{F82A547E-D502-4B19-AD84-26F29CFAE1FA}.Release|Any CPU.Build.0 = Release|Any CPU
		{F82A547E-D502-4B19-AD84-26F29CFAE1FA}.Release|ARM.ActiveCfg = Release|Any CPU
		{F82A547E-D502-4B19-AD84-26F29CFAE1FA}.Release|ARM.Build.0 = Release|Any CPU
		{F82A547E-D502-4B19-AD84-26F29CFAE1FA}.Release|ARM64.ActiveCfg = Release|Any CPU
		{F82A547E-D502-4B19-AD84-26F29CFAE1FA}.Release|ARM64.Build.0 = Release|Any CPU
		{F82A547E-D502-4B19-AD84-26F29CFAE1FA}.Release|x64.ActiveCfg = Release|Any CPU
		{F82A547E-D502-4B19-AD84-26F29CFAE1FA}.Release|x64.Build.0 = Release|Any CPU
		{F82A547E-D502-4B19-AD84-26F29CFAE1FA}.Release|x86.ActiveCfg = Release|Any CPU
		{F82A547E-D502-4B19-AD84-26F29CFAE1FA}.Release|x86.Build.0 = Release|Any CPU
	EndGlobalSection
	GlobalSection(SolutionProperties) = preSolution
		HideSolutionNode = FALSE
	EndGlobalSection
	GlobalSection(ExtensibilityGlobals) = postSolution
		SolutionGuid = {74BAABC1-9405-4BF9-9747-8FE6E180F59E}
	EndGlobalSection
EndGlobal
